{
  "name": "node---js---basics",
  "lockfileVersion": 3,
  "requires": true,
  "packages": {
    "": {
      "dependencies": {
        "bcryptjs": "^2.4.3",
        "nodemailer": "^6.9.8",
        "proper-upper-case": "^0.1.0",
        "to-upper": "^1.0.1",
        "upper-case": "^3.0.0"
      }
    },
    "node_modules/bcryptjs": {
      "version": "2.4.3",
      "resolved": "https://registry.npmjs.org/bcryptjs/-/bcryptjs-2.4.3.tgz",
      "integrity": "sha512-V/Hy/X9Vt7f3BbPJEi8BdVFMByHi+jNXrYkW3huaybV/kQ0KJg0Y6PkEMbn+zeT+i+SiKZ/HMqJGIIt4LZDqNQ=="
    },
    "node_modules/has-symbols": {
      "version": "1.0.3",
      "resolved": "https://registry.npmjs.org/has-symbols/-/has-symbols-1.0.3.tgz",
      "integrity": "sha512-l3LCuF6MgDNwTDKkdYGEihYjt5pRPbEg46rtlmnSPlUbgmB8LOIrKJbYYFBSbnPaJexMKtiPO8hmeRjRz2Td+A==",
      "engines": {
        "node": ">= 0.4"
      },
      "funding": {
        "url": "https://github.com/sponsors/ljharb"
      }
    },
    "node_modules/is-function": {
      "version": "1.0.2",
      "resolved": "https://registry.npmjs.org/is-function/-/is-function-1.0.2.tgz",
      "integrity": "sha512-lw7DUp0aWXYg+CBCN+JKkcE0Q2RayZnSvnZBlwgxHBQhqt5pZNVy4Ri7H9GmmXkdu7LUthszM+Tor1u/2iBcpQ=="
    },
    "node_modules/is-nil": {
      "version": "1.0.1",
      "resolved": "https://registry.npmjs.org/is-nil/-/is-nil-1.0.1.tgz",
      "integrity": "sha512-m2Rm8PhUFDNNhgvwZJjJG74a9h5CHU0fkA8WT+WGlCjyEbZ2jPwgb+ZxHu4np284EqNVyOsgppReK4qy/TwEwg=="
    },
    "node_modules/is-object": {
      "version": "1.0.2",
      "resolved": "https://registry.npmjs.org/is-object/-/is-object-1.0.2.tgz",
      "integrity": "sha512-2rRIahhZr2UWb45fIOuvZGpFtz0TyOZLf32KxBbSoUCeZR495zCKlWUKKUByk3geS2eAs7ZAABt0Y/Rx0GiQGA==",
      "funding": {
        "url": "https://github.com/sponsors/ljharb"
      }
    },
    "node_modules/is-symbol": {
      "version": "1.0.4",
      "resolved": "https://registry.npmjs.org/is-symbol/-/is-symbol-1.0.4.tgz",
      "integrity": "sha512-C/CPBqKWnvdcxqIARxyOh4v1UUEOCHpgDa0WYgpKDFMszcrPcffg5uhwSgPCLD2WWxmq6isisz87tzT01tuGhg==",
      "dependencies": {
        "has-symbols": "^1.0.2"
      },
      "engines": {
        "node": ">= 0.4"
      },
      "funding": {
        "url": "https://github.com/sponsors/ljharb"
      }
    },
    "node_modules/nodemailer": {
      "version": "6.9.8",
      "resolved": "https://registry.npmjs.org/nodemailer/-/nodemailer-6.9.8.tgz",
      "integrity": "sha512-cfrYUk16e67Ks051i4CntM9kshRYei1/o/Gi8K1d+R34OIs21xdFnW7Pt7EucmVKA0LKtqUGNcjMZ7ehjl49mQ==",
      "engines": {
        "node": ">=6.0.0"
      }
    },
    "node_modules/proper-upper-case": {
      "version": "0.1.0",
      "resolved": "https://registry.npmjs.org/proper-upper-case/-/proper-upper-case-0.1.0.tgz",
      "integrity": "sha512-c7RSE5rbsSGVTXgNcw2CdmqshfESKxgQixxuv+pfZdBzK4sSRMW4BxgUdqdTQlSTBe84AaCB+DJHWBFmMMpMLQ=="
    },
    "node_modules/to-str": {
      "version": "1.0.0",
      "resolved": "https://registry.npmjs.org/to-str/-/to-str-1.0.0.tgz",
      "integrity": "sha512-UETUWfNiPKGvdZ2nAmiTTmv583SivKIHB10J0qQQgfkWvSQXKtPeF+On7pejMaD2rqTIFWgXz25dPyzABAgIHw==",
      "dependencies": {
        "is-function": "^1.0.1",
        "is-nil": "^1.0.0",
        "is-object": "^1.0.1",
        "is-symbol": "^1.0.1"
      }
    },
    "node_modules/to-upper": {
      "version": "1.0.1",
      "resolved": "https://registry.npmjs.org/to-upper/-/to-upper-1.0.1.tgz",
      "integrity": "sha512-25pOJTGjV/zjiEdILdLgrtSfF8UP9VASYrI9yKx2vATAOIyZ97fU2PfB03Sxwih6SSSXFO89Me/c0xAK1EV/nA==",
      "dependencies": {
        "to-str": "^1.0.0"
      }
    },
    "node_modules/upper-case": {
      "version": "3.0.0",
      "resolved": "https://registry.npmjs.org/upper-case/-/upper-case-3.0.0.tgz",
      "integrity": "sha512-q6ZAk+RaBO94GGFpdM6GJ2pOXx6Ky/BK9xluGUqMYvY6qZjFN7RPbzqcd+OBru8tRFlcLcS40AIrIq48VhcTIA==",
      "deprecated": "Use `str.toLocaleUpperCase` or `str.toUpperCase`"
    }
  }
}
